{
  "object": {
    "pins": [
      {
        "package": "La",
        "repositoryURL": "https://github.com/mitsuse/la",
        "state": {
          "branch": null,
          "revision": "be443eca880154189d5b3ca33332090e82c5d326",
          "version": "0.6.1"
        }
      }
    ]
  },
  "version": 1
}
