{
  "object": {
    "pins": [
      {
        "package": "La",
        "repositoryURL": "https://github.com/mitsuse/la",
        "state": {
          "branch": null,
          "revision": "e4c17b1bdb560d9f5507d32309653b65b1bb23fd",
          "version": "0.9.1"
        }
      }
    ]
  },
  "version": 1
}
